
Microsoft Visual Studio Solution File, Format Version 12.00
Project("{FAE04EC0-301F-11D3-BF4B-00C04F79EFBC}") = "Skedula.Api", "Skedula.Api.csproj", "{FAD515A3-67A4-47D6-BBF8-4F01F5742887}"
EndProject
Global
	GlobalSection(SolutionConfigurationPlatforms) = preSolution
		Debug|Any CPU = Debug|Any CPU
		Release|Any CPU = Release|Any CPU
	EndGlobalSection
	GlobalSection(ProjectConfigurationPlatforms) = postSolution
		{FAD515A3-67A4-47D6-BBF8-4F01F5742887}.Debug|Any CPU.ActiveCfg = Debug|Any CPU
		{FAD515A3-67A4-47D6-BBF8-4F01F5742887}.Debug|Any CPU.Build.0 = Debug|Any CPU
		{FAD515A3-67A4-47D6-BBF8-4F01F5742887}.Release|Any CPU.ActiveCfg = Release|Any CPU
		{FAD515A3-67A4-47D6-BBF8-4F01F5742887}.Release|Any CPU.Build.0 = Release|Any CPU
	EndGlobalSection
EndGlobal
